// !$*UTF8*$!
{
	archiveVersion = 1;
	classes = {
	};
	objectVersion = 55;
	objects = {

/* Begin PBXBuildFile section */
		613B44BB276657B100F5F978 /* StallsApp.swift in Sources */ = {isa = PBXBuildFile; fileRef = 613B44BA276657B100F5F978 /* StallsApp.swift */; };
		613B44BD276657B100F5F978 /* ContentView.swift in Sources */ = {isa = PBXBuildFile; fileRef = 613B44BC276657B100F5F978 /* ContentView.swift */; };
		613B44BF276657B400F5F978 /* Assets.xcassets in Resources */ = {isa = PBXBuildFile; fileRef = 613B44BE276657B400F5F978 /* Assets.xcassets */; };
		613B44C2276657B400F5F978 /* Preview Assets.xcassets in Resources */ = {isa = PBXBuildFile; fileRef = 613B44C1276657B400F5F978 /* Preview Assets.xcassets */; };
		613B44C4276657B400F5F978 /* Persistence.swift in Sources */ = {isa = PBXBuildFile; fileRef = 613B44C3276657B400F5F978 /* Persistence.swift */; };
		613B44C7276657B400F5F978 /* Stalls.xcdatamodeld in Sources */ = {isa = PBXBuildFile; fileRef = 613B44C5276657B400F5F978 /* Stalls.xcdatamodeld */; };
		613B44CE2766D11800F5F978 /* GoogleService-Info.plist in Resources */ = {isa = PBXBuildFile; fileRef = 613B44CD2766D11800F5F978 /* GoogleService-Info.plist */; };
		613B44D12766D58300F5F978 /* Colors.swift in Sources */ = {isa = PBXBuildFile; fileRef = 613B44D02766D58300F5F978 /* Colors.swift */; };
		613B44D32766D5C500F5F978 /* ViewExtensions.swift in Sources */ = {isa = PBXBuildFile; fileRef = 613B44D22766D5C500F5F978 /* ViewExtensions.swift */; };
		613B44D52766D64300F5F978 /* Fonts.swift in Sources */ = {isa = PBXBuildFile; fileRef = 613B44D42766D64300F5F978 /* Fonts.swift */; };
		613B44D82766E85200F5F978 /* CreateAccount.swift in Sources */ = {isa = PBXBuildFile; fileRef = 613B44D72766E85100F5F978 /* CreateAccount.swift */; };
		92282E8A66665BF9B7CDD739 /* Pods_Stalls.framework in Frameworks */ = {isa = PBXBuildFile; fileRef = 029C52B8ACF23D82FF13893A /* Pods_Stalls.framework */; };
/* End PBXBuildFile section */

/* Begin PBXFileReference section */
		029C52B8ACF23D82FF13893A /* Pods_Stalls.framework */ = {isa = PBXFileReference; explicitFileType = wrapper.framework; includeInIndex = 0; path = Pods_Stalls.framework; sourceTree = BUILT_PRODUCTS_DIR; };
		24146E30E2EB1C141B32D13F /* Pods-Stalls.release.xcconfig */ = {isa = PBXFileReference; includeInIndex = 1; lastKnownFileType = text.xcconfig; name = "Pods-Stalls.release.xcconfig"; path = "Target Support Files/Pods-Stalls/Pods-Stalls.release.xcconfig"; sourceTree = "<group>"; };
		613B44B7276657B100F5F978 /* Stalls.app */ = {isa = PBXFileReference; explicitFileType = wrapper.application; includeInIndex = 0; path = Stalls.app; sourceTree = BUILT_PRODUCTS_DIR; };
		613B44BA276657B100F5F978 /* StallsApp.swift */ = {isa = PBXFileReference; lastKnownFileType = sourcecode.swift; path = StallsApp.swift; sourceTree = "<group>"; };
		613B44BC276657B100F5F978 /* ContentView.swift */ = {isa = PBXFileReference; lastKnownFileType = sourcecode.swift; path = ContentView.swift; sourceTree = "<group>"; };
		613B44BE276657B400F5F978 /* Assets.xcassets */ = {isa = PBXFileReference; lastKnownFileType = folder.assetcatalog; path = Assets.xcassets; sourceTree = "<group>"; };
		613B44C1276657B400F5F978 /* Preview Assets.xcassets */ = {isa = PBXFileReference; lastKnownFileType = folder.assetcatalog; path = "Preview Assets.xcassets"; sourceTree = "<group>"; };
		613B44C3276657B400F5F978 /* Persistence.swift */ = {isa = PBXFileReference; lastKnownFileType = sourcecode.swift; path = Persistence.swift; sourceTree = "<group>"; };
		613B44C6276657B400F5F978 /* Stalls.xcdatamodel */ = {isa = PBXFileReference; lastKnownFileType = wrapper.xcdatamodel; path = Stalls.xcdatamodel; sourceTree = "<group>"; };
		613B44CD2766D11800F5F978 /* GoogleService-Info.plist */ = {isa = PBXFileReference; fileEncoding = 4; lastKnownFileType = text.plist.xml; path = "GoogleService-Info.plist"; sourceTree = "<group>"; };
		613B44D02766D58300F5F978 /* Colors.swift */ = {isa = PBXFileReference; lastKnownFileType = sourcecode.swift; path = Colors.swift; sourceTree = "<group>"; };
		613B44D22766D5C500F5F978 /* ViewExtensions.swift */ = {isa = PBXFileReference; lastKnownFileType = sourcecode.swift; path = ViewExtensions.swift; sourceTree = "<group>"; };
		613B44D42766D64300F5F978 /* Fonts.swift */ = {isa = PBXFileReference; lastKnownFileType = sourcecode.swift; path = Fonts.swift; sourceTree = "<group>"; };
		613B44D72766E85100F5F978 /* CreateAccount.swift */ = {isa = PBXFileReference; lastKnownFileType = sourcecode.swift; path = CreateAccount.swift; sourceTree = "<group>"; };
		DC8186A82430653D93917B93 /* Pods-Stalls.debug.xcconfig */ = {isa = PBXFileReference; includeInIndex = 1; lastKnownFileType = text.xcconfig; name = "Pods-Stalls.debug.xcconfig"; path = "Target Support Files/Pods-Stalls/Pods-Stalls.debug.xcconfig"; sourceTree = "<group>"; };
/* End PBXFileReference section */

/* Begin PBXFrameworksBuildPhase section */
		613B44B4276657B100F5F978 /* Frameworks */ = {
			isa = PBXFrameworksBuildPhase;
			buildActionMask = 2147483647;
			files = (
				92282E8A66665BF9B7CDD739 /* Pods_Stalls.framework in Frameworks */,
			);
			runOnlyForDeploymentPostprocessing = 0;
		};
/* End PBXFrameworksBuildPhase section */

/* Begin PBXGroup section */
		32BDED01FA001EBAF8F74B55 /* Pods */ = {
			isa = PBXGroup;
			children = (
				DC8186A82430653D93917B93 /* Pods-Stalls.debug.xcconfig */,
				24146E30E2EB1C141B32D13F /* Pods-Stalls.release.xcconfig */,
			);
			path = Pods;
			sourceTree = "<group>";
		};
		613B44AE276657B100F5F978 = {
			isa = PBXGroup;
			children = (
				613B44B9276657B100F5F978 /* Stalls */,
				613B44B8276657B100F5F978 /* Products */,
				32BDED01FA001EBAF8F74B55 /* Pods */,
				79CDE97AE202953AE94401F1 /* Frameworks */,
			);
			sourceTree = "<group>";
		};
		613B44B8276657B100F5F978 /* Products */ = {
			isa = PBXGroup;
			children = (
				613B44B7276657B100F5F978 /* Stalls.app */,
			);
			name = Products;
			sourceTree = "<group>";
		};
		613B44B9276657B100F5F978 /* Stalls */ = {
			isa = PBXGroup;
			children = (
				613B44D62766E83800F5F978 /* Login */,
				613B44CF2766D57200F5F978 /* Utilities */,
				613B44CD2766D11800F5F978 /* GoogleService-Info.plist */,
				613B44BA276657B100F5F978 /* StallsApp.swift */,
				613B44BC276657B100F5F978 /* ContentView.swift */,
				613B44BE276657B400F5F978 /* Assets.xcassets */,
				613B44C3276657B400F5F978 /* Persistence.swift */,
				613B44C5276657B400F5F978 /* Stalls.xcdatamodeld */,
				613B44C0276657B400F5F978 /* Preview Content */,
			);
			path = Stalls;
			sourceTree = "<group>";
		};
		613B44C0276657B400F5F978 /* Preview Content */ = {
			isa = PBXGroup;
			children = (
				613B44C1276657B400F5F978 /* Preview Assets.xcassets */,
			);
			path = "Preview Content";
			sourceTree = "<group>";
		};
		613B44CF2766D57200F5F978 /* Utilities */ = {
			isa = PBXGroup;
			children = (
				613B44D02766D58300F5F978 /* Colors.swift */,
				613B44D22766D5C500F5F978 /* ViewExtensions.swift */,
				613B44D42766D64300F5F978 /* Fonts.swift */,
			);
			path = Utilities;
			sourceTree = "<group>";
		};
		613B44D62766E83800F5F978 /* Login */ = {
			isa = PBXGroup;
			children = (
				613B44D72766E85100F5F978 /* CreateAccount.swift */,
			);
			path = Login;
			sourceTree = "<group>";
		};
		79CDE97AE202953AE94401F1 /* Frameworks */ = {
			isa = PBXGroup;
			children = (
				029C52B8ACF23D82FF13893A /* Pods_Stalls.framework */,
			);
			name = Frameworks;
			sourceTree = "<group>";
		};
/* End PBXGroup section */

/* Begin PBXNativeTarget section */
		613B44B6276657B100F5F978 /* Stalls */ = {
			isa = PBXNativeTarget;
			buildConfigurationList = 613B44CA276657B400F5F978 /* Build configuration list for PBXNativeTarget "Stalls" */;
			buildPhases = (
				4B2DA905ED8BCB4E7EB765EE /* [CP] Check Pods Manifest.lock */,
				613B44B3276657B100F5F978 /* Sources */,
				613B44B4276657B100F5F978 /* Frameworks */,
				613B44B5276657B100F5F978 /* Resources */,
				D80D4839A9A7847FA94FF9C8 /* [CP] Embed Pods Frameworks */,
			);
			buildRules = (
			);
			dependencies = (
			);
			name = Stalls;
			productName = Stalls;
			productReference = 613B44B7276657B100F5F978 /* Stalls.app */;
			productType = "com.apple.product-type.application";
		};
/* End PBXNativeTarget section */

/* Begin PBXProject section */
		613B44AF276657B100F5F978 /* Project object */ = {
			isa = PBXProject;
			attributes = {
				BuildIndependentTargetsInParallel = 1;
				LastSwiftUpdateCheck = 1310;
				LastUpgradeCheck = 1310;
				TargetAttributes = {
					613B44B6276657B100F5F978 = {
						CreatedOnToolsVersion = 13.1;
					};
				};
			};
			buildConfigurationList = 613B44B2276657B100F5F978 /* Build configuration list for PBXProject "Stalls" */;
			compatibilityVersion = "Xcode 13.0";
			developmentRegion = en;
			hasScannedForEncodings = 0;
			knownRegions = (
				en,
				Base,
			);
			mainGroup = 613B44AE276657B100F5F978;
			productRefGroup = 613B44B8276657B100F5F978 /* Products */;
			projectDirPath = "";
			projectRoot = "";
			targets = (
				613B44B6276657B100F5F978 /* Stalls */,
			);
		};
/* End PBXProject section */

/* Begin PBXResourcesBuildPhase section */
		613B44B5276657B100F5F978 /* Resources */ = {
			isa = PBXResourcesBuildPhase;
			buildActionMask = 2147483647;
			files = (
				613B44C2276657B400F5F978 /* Preview Assets.xcassets in Resources */,
				613B44BF276657B400F5F978 /* Assets.xcassets in Resources */,
				613B44CE2766D11800F5F978 /* GoogleService-Info.plist in Resources */,
			);
			runOnlyForDeploymentPostprocessing = 0;
		};
/* End PBXResourcesBuildPhase section */

/* Begin PBXShellScriptBuildPhase section */
		4B2DA905ED8BCB4E7EB765EE /* [CP] Check Pods Manifest.lock */ = {
			isa = PBXShellScriptBuildPhase;
			buildActionMask = 2147483647;
			files = (
			);
			inputFileListPaths = (
			);
			inputPaths = (
				"${PODS_PODFILE_DIR_PATH}/Podfile.lock",
				"${PODS_ROOT}/Manifest.lock",
			);
			name = "[CP] Check Pods Manifest.lock";
			outputFileListPaths = (
			);
			outputPaths = (
				"$(DERIVED_FILE_DIR)/Pods-Stalls-checkManifestLockResult.txt",
			);
			runOnlyForDeploymentPostprocessing = 0;
			shellPath = /bin/sh;
			shellScript = "diff \"${PODS_PODFILE_DIR_PATH}/Podfile.lock\" \"${PODS_ROOT}/Manifest.lock\" > /dev/null\nif [ $? != 0 ] ; then\n    # print error to STDERR\n    echo \"error: The sandbox is not in sync with the Podfile.lock. Run 'pod install' or update your CocoaPods installation.\" >&2\n    exit 1\nfi\n# This output is used by Xcode 'outputs' to avoid re-running this script phase.\necho \"SUCCESS\" > \"${SCRIPT_OUTPUT_FILE_0}\"\n";
			showEnvVarsInLog = 0;
		};
		D80D4839A9A7847FA94FF9C8 /* [CP] Embed Pods Frameworks */ = {
			isa = PBXShellScriptBuildPhase;
			buildActionMask = 2147483647;
			files = (
			);
			inputFileListPaths = (
				"${PODS_ROOT}/Target Support Files/Pods-Stalls/Pods-Stalls-frameworks-${CONFIGURATION}-input-files.xcfilelist",
			);
			name = "[CP] Embed Pods Frameworks";
			outputFileListPaths = (
				"${PODS_ROOT}/Target Support Files/Pods-Stalls/Pods-Stalls-frameworks-${CONFIGURATION}-output-files.xcfilelist",
			);
			runOnlyForDeploymentPostprocessing = 0;
			shellPath = /bin/sh;
			shellScript = "\"${PODS_ROOT}/Target Support Files/Pods-Stalls/Pods-Stalls-frameworks.sh\"\n";
			showEnvVarsInLog = 0;
		};
/* End PBXShellScriptBuildPhase section */

/* Begin PBXSourcesBuildPhase section */
		613B44B3276657B100F5F978 /* Sources */ = {
			isa = PBXSourcesBuildPhase;
			buildActionMask = 2147483647;
			files = (
				613B44D52766D64300F5F978 /* Fonts.swift in Sources */,
				613B44C4276657B400F5F978 /* Persistence.swift in Sources */,
				613B44D12766D58300F5F978 /* Colors.swift in Sources */,
				613B44BD276657B100F5F978 /* ContentView.swift in Sources */,
				613B44C7276657B400F5F978 /* Stalls.xcdatamodeld in Sources */,
				613B44D32766D5C500F5F978 /* ViewExtensions.swift in Sources */,
				613B44BB276657B100F5F978 /* StallsApp.swift in Sources */,
				613B44D82766E85200F5F978 /* CreateAccount.swift in Sources */,
			);
			runOnlyForDeploymentPostprocessing = 0;
		};
/* End PBXSourcesBuildPhase section */

/* Begin XCBuildConfiguration section */
		613B44C8276657B400F5F978 /* Debug */ = {
			isa = XCBuildConfiguration;
			buildSettings = {
				ALWAYS_SEARCH_USER_PATHS = NO;
				CLANG_ANALYZER_NONNULL = YES;
				CLANG_ANALYZER_NUMBER_OBJECT_CONVERSION = YES_AGGRESSIVE;
				CLANG_CXX_LANGUAGE_STANDARD = "gnu++17";
				CLANG_CXX_LIBRARY = "libc++";
				CLANG_ENABLE_MODULES = YES;
				CLANG_ENABLE_OBJC_ARC = YES;
				CLANG_ENABLE_OBJC_WEAK = YES;
				CLANG_WARN_BLOCK_CAPTURE_AUTORELEASING = YES;
				CLANG_WARN_BOOL_CONVERSION = YES;
				CLANG_WARN_COMMA = YES;
				CLANG_WARN_CONSTANT_CONVERSION = YES;
				CLANG_WARN_DEPRECATED_OBJC_IMPLEMENTATIONS = YES;
				CLANG_WARN_DIRECT_OBJC_ISA_USAGE = YES_ERROR;
				CLANG_WARN_DOCUMENTATION_COMMENTS = YES;
				CLANG_WARN_EMPTY_BODY = YES;
				CLANG_WARN_ENUM_CONVERSION = YES;
				CLANG_WARN_INFINITE_RECURSION = YES;
				CLANG_WARN_INT_CONVERSION = YES;
				CLANG_WARN_NON_LITERAL_NULL_CONVERSION = YES;
				CLANG_WARN_OBJC_IMPLICIT_RETAIN_SELF = YES;
				CLANG_WARN_OBJC_LITERAL_CONVERSION = YES;
				CLANG_WARN_OBJC_ROOT_CLASS = YES_ERROR;
				CLANG_WARN_QUOTED_INCLUDE_IN_FRAMEWORK_HEADER = YES;
				CLANG_WARN_RANGE_LOOP_ANALYSIS = YES;
				CLANG_WARN_STRICT_PROTOTYPES = YES;
				CLANG_WARN_SUSPICIOUS_MOVE = YES;
				CLANG_WARN_UNGUARDED_AVAILABILITY = YES_AGGRESSIVE;
				CLANG_WARN_UNREACHABLE_CODE = YES;
				CLANG_WARN__DUPLICATE_METHOD_MATCH = YES;
				COPY_PHASE_STRIP = NO;
				DEBUG_INFORMATION_FORMAT = dwarf;
				ENABLE_STRICT_OBJC_MSGSEND = YES;
				ENABLE_TESTABILITY = YES;
				GCC_C_LANGUAGE_STANDARD = gnu11;
				GCC_DYNAMIC_NO_PIC = NO;
				GCC_NO_COMMON_BLOCKS = YES;
				GCC_OPTIMIZATION_LEVEL = 0;
				GCC_PREPROCESSOR_DEFINITIONS = (
					"DEBUG=1",
					"$(inherited)",
				);
				GCC_WARN_64_TO_32_BIT_CONVERSION = YES;
				GCC_WARN_ABOUT_RETURN_TYPE = YES_ERROR;
				GCC_WARN_UNDECLARED_SELECTOR = YES;
				GCC_WARN_UNINITIALIZED_AUTOS = YES_AGGRESSIVE;
				GCC_WARN_UNUSED_FUNCTION = YES;
				GCC_WARN_UNUSED_VARIABLE = YES;
				IPHONEOS_DEPLOYMENT_TARGET = 15.0;
				MTL_ENABLE_DEBUG_INFO = INCLUDE_SOURCE;
				MTL_FAST_MATH = YES;
				ONLY_ACTIVE_ARCH = YES;
				SDKROOT = iphoneos;
				SWIFT_ACTIVE_COMPILATION_CONDITIONS = DEBUG;
				SWIFT_OPTIMIZATION_LEVEL = "-Onone";
			};
			name = Debug;
		};
		613B44C9276657B400F5F978 /* Release */ = {
			isa = XCBuildConfiguration;
			buildSettings = {
				ALWAYS_SEARCH_USER_PATHS = NO;
				CLANG_ANALYZER_NONNULL = YES;
				CLANG_ANALYZER_NUMBER_OBJECT_CONVERSION = YES_AGGRESSIVE;
				CLANG_CXX_LANGUAGE_STANDARD = "gnu++17";
				CLANG_CXX_LIBRARY = "libc++";
				CLANG_ENABLE_MODULES = YES;
				CLANG_ENABLE_OBJC_ARC = YES;
				CLANG_ENABLE_OBJC_WEAK = YES;
				CLANG_WARN_BLOCK_CAPTURE_AUTORELEASING = YES;
				CLANG_WARN_BOOL_CONVERSION = YES;
				CLANG_WARN_COMMA = YES;
				CLANG_WARN_CONSTANT_CONVERSION = YES;
				CLANG_WARN_DEPRECATED_OBJC_IMPLEMENTATIONS = YES;
				CLANG_WARN_DIRECT_OBJC_ISA_USAGE = YES_ERROR;
				CLANG_WARN_DOCUMENTATION_COMMENTS = YES;
				CLANG_WARN_EMPTY_BODY = YES;
				CLANG_WARN_ENUM_CONVERSION = YES;
				CLANG_WARN_INFINITE_RECURSION = YES;
				CLANG_WARN_INT_CONVERSION = YES;
				CLANG_WARN_NON_LITERAL_NULL_CONVERSION = YES;
				CLANG_WARN_OBJC_IMPLICIT_RETAIN_SELF = YES;
				CLANG_WARN_OBJC_LITERAL_CONVERSION = YES;
				CLANG_WARN_OBJC_ROOT_CLASS = YES_ERROR;
				CLANG_WARN_QUOTED_INCLUDE_IN_FRAMEWORK_HEADER = YES;
				CLANG_WARN_RANGE_LOOP_ANALYSIS = YES;
				CLANG_WARN_STRICT_PROTOTYPES = YES;
				CLANG_WARN_SUSPICIOUS_MOVE = YES;
				CLANG_WARN_UNGUARDED_AVAILABILITY = YES_AGGRESSIVE;
				CLANG_WARN_UNREACHABLE_CODE = YES;
				CLANG_WARN__DUPLICATE_METHOD_MATCH = YES;
				COPY_PHASE_STRIP = NO;
				DEBUG_INFORMATION_FORMAT = "dwarf-with-dsym";
				ENABLE_NS_ASSERTIONS = NO;
				ENABLE_STRICT_OBJC_MSGSEND = YES;
				GCC_C_LANGUAGE_STANDARD = gnu11;
				GCC_NO_COMMON_BLOCKS = YES;
				GCC_WARN_64_TO_32_BIT_CONVERSION = YES;
				GCC_WARN_ABOUT_RETURN_TYPE = YES_ERROR;
				GCC_WARN_UNDECLARED_SELECTOR = YES;
				GCC_WARN_UNINITIALIZED_AUTOS = YES_AGGRESSIVE;
				GCC_WARN_UNUSED_FUNCTION = YES;
				GCC_WARN_UNUSED_VARIABLE = YES;
				IPHONEOS_DEPLOYMENT_TARGET = 15.0;
				MTL_ENABLE_DEBUG_INFO = NO;
				MTL_FAST_MATH = YES;
				SDKROOT = iphoneos;
				SWIFT_COMPILATION_MODE = wholemodule;
				SWIFT_OPTIMIZATION_LEVEL = "-O";
				VALIDATE_PRODUCT = YES;
			};
			name = Release;
		};
		613B44CB276657B400F5F978 /* Debug */ = {
			isa = XCBuildConfiguration;
			baseConfigurationReference = DC8186A82430653D93917B93 /* Pods-Stalls.debug.xcconfig */;
			buildSettings = {
				ASSETCATALOG_COMPILER_APPICON_NAME = AppIcon;
				ASSETCATALOG_COMPILER_GLOBAL_ACCENT_COLOR_NAME = AccentColor;
				CODE_SIGN_STYLE = Automatic;
				CURRENT_PROJECT_VERSION = 1;
				DEVELOPMENT_ASSET_PATHS = "\"Stalls/Preview Content\"";
				DEVELOPMENT_TEAM = 539WMA6Y83;
				ENABLE_PREVIEWS = YES;
				GENERATE_INFOPLIST_FILE = YES;
				INFOPLIST_KEY_UIApplicationSceneManifest_Generation = YES;
				INFOPLIST_KEY_UIApplicationSupportsIndirectInputEvents = YES;
				INFOPLIST_KEY_UILaunchScreen_Generation = YES;
				INFOPLIST_KEY_UISupportedInterfaceOrientations_iPad = "UIInterfaceOrientationPortrait UIInterfaceOrientationPortraitUpsideDown UIInterfaceOrientationLandscapeLeft UIInterfaceOrientationLandscapeRight";
				INFOPLIST_KEY_UISupportedInterfaceOrientations_iPhone = "UIInterfaceOrientationPortrait UIInterfaceOrientationLandscapeLeft UIInterfaceOrientationLandscapeRight";
				LD_RUNPATH_SEARCH_PATHS = (
					"$(inherited)",
					"@executable_path/Frameworks",
				);
				MARKETING_VERSION = 1.0;
				PRODUCT_BUNDLE_IDENTIFIER = garbage.io.Stalls;
				PRODUCT_NAME = "$(TARGET_NAME)";
				SWIFT_EMIT_LOC_STRINGS = YES;
				SWIFT_VERSION = 5.0;
				TARGETED_DEVICE_FAMILY = "1,2";
			};
			name = Debug;
		};
		613B44CC276657B400F5F978 /* Release */ = {
			isa = XCBuildConfiguration;
			baseConfigurationReference = 24146E30E2EB1C141B32D13F /* Pods-Stalls.release.xcconfig */;
			buildSettings = {
				ASSETCATALOG_COMPILER_APPICON_NAME = AppIcon;
				ASSETCATALOG_COMPILER_GLOBAL_ACCENT_COLOR_NAME = AccentColor;
				CODE_SIGN_STYLE = Automatic;
				CURRENT_PROJECT_VERSION = 1;
				DEVELOPMENT_ASSET_PATHS = "\"Stalls/Preview Content\"";
				DEVELOPMENT_TEAM = 539WMA6Y83;
				ENABLE_PREVIEWS = YES;
				GENERATE_INFOPLIST_FILE = YES;
				INFOPLIST_KEY_UIApplicationSceneManifest_Generation = YES;
				INFOPLIST_KEY_UIApplicationSupportsIndirectInputEvents = YES;
				INFOPLIST_KEY_UILaunchScreen_Generation = YES;
				INFOPLIST_KEY_UISupportedInterfaceOrientations_iPad = "UIInterfaceOrientationPortrait UIInterfaceOrientationPortraitUpsideDown UIInterfaceOrientationLandscapeLeft UIInterfaceOrientationLandscapeRight";
				INFOPLIST_KEY_UISupportedInterfaceOrientations_iPhone = "UIInterfaceOrientationPortrait UIInterfaceOrientationLandscapeLeft UIInterfaceOrientationLandscapeRight";
				LD_RUNPATH_SEARCH_PATHS = (
					"$(inherited)",
					"@executable_path/Frameworks",
				);
				MARKETING_VERSION = 1.0;
				PRODUCT_BUNDLE_IDENTIFIER = garbage.io.Stalls;
				PRODUCT_NAME = "$(TARGET_NAME)";
				SWIFT_EMIT_LOC_STRINGS = YES;
				SWIFT_VERSION = 5.0;
				TARGETED_DEVICE_FAMILY = "1,2";
			};
			name = Release;
		};
/* End XCBuildConfiguration section */

/* Begin XCConfigurationList section */
		613B44B2276657B100F5F978 /* Build configuration list for PBXProject "Stalls" */ = {
			isa = XCConfigurationList;
			buildConfigurations = (
				613B44C8276657B400F5F978 /* Debug */,
				613B44C9276657B400F5F978 /* Release */,
			);
			defaultConfigurationIsVisible = 0;
			defaultConfigurationName = Release;
		};
		613B44CA276657B400F5F978 /* Build configuration list for PBXNativeTarget "Stalls" */ = {
			isa = XCConfigurationList;
			buildConfigurations = (
				613B44CB276657B400F5F978 /* Debug */,
				613B44CC276657B400F5F978 /* Release */,
			);
			defaultConfigurationIsVisible = 0;
			defaultConfigurationName = Release;
		};
/* End XCConfigurationList section */

/* Begin XCVersionGroup section */
		613B44C5276657B400F5F978 /* Stalls.xcdatamodeld */ = {
			isa = XCVersionGroup;
			children = (
				613B44C6276657B400F5F978 /* Stalls.xcdatamodel */,
			);
			currentVersion = 613B44C6276657B400F5F978 /* Stalls.xcdatamodel */;
			path = Stalls.xcdatamodeld;
			sourceTree = "<group>";
			versionGroupType = wrapper.xcdatamodel;
		};
/* End XCVersionGroup section */
	};
	rootObject = 613B44AF276657B100F5F978 /* Project object */;
}
